
Microsoft Visual Studio Solution File, Format Version 12.00
# Visual Studio Version 17
VisualStudioVersion = 17.10.35122.118
MinimumVisualStudioVersion = 10.0.40219.1
Project("{FAE04EC0-301F-11D3-BF4B-00C04F79EFBC}") = "Islington", "Islington.csproj", "{492CA0B6-286E-44BA-A0CF-DC082E6BBF3D}"
EndProject
Global
	GlobalSection(SolutionConfigurationPlatforms) = preSolution
		Debug|Any CPU = Debug|Any CPU
		Release|Any CPU = Release|Any CPU
	EndGlobalSection
	GlobalSection(ProjectConfigurationPlatforms) = postSolution
		{492CA0B6-286E-44BA-A0CF-DC082E6BBF3D}.Debug|Any CPU.ActiveCfg = Debug|Any CPU
		{492CA0B6-286E-44BA-A0CF-DC082E6BBF3D}.Debug|Any CPU.Build.0 = Debug|Any CPU
		{492CA0B6-286E-44BA-A0CF-DC082E6BBF3D}.Release|Any CPU.ActiveCfg = Release|Any CPU
		{492CA0B6-286E-44BA-A0CF-DC082E6BBF3D}.Release|Any CPU.Build.0 = Release|Any CPU
	EndGlobalSection
	GlobalSection(SolutionProperties) = preSolution
		HideSolutionNode = FALSE
	EndGlobalSection
	GlobalSection(ExtensibilityGlobals) = postSolution
		SolutionGuid = {F54C1F6C-0EA6-4FCE-B45D-68309FC22E52}
	EndGlobalSection
EndGlobal
